
Microsoft Visual Studio Solution File, Format Version 12.00
Project("{FAE04EC0-301F-11D3-BF4B-00C04F79EFBC}") = "Ej11", "Ej11\Ej11.csproj", "{71485BD4-29EC-46DA-8449-0AF31CD46CFC}"
EndProject
Global
	GlobalSection(SolutionConfigurationPlatforms) = preSolution
		Debug|Any CPU = Debug|Any CPU
		Release|Any CPU = Release|Any CPU
	EndGlobalSection
	GlobalSection(ProjectConfigurationPlatforms) = postSolution
		{71485BD4-29EC-46DA-8449-0AF31CD46CFC}.Debug|Any CPU.ActiveCfg = Debug|Any CPU
		{71485BD4-29EC-46DA-8449-0AF31CD46CFC}.Debug|Any CPU.Build.0 = Debug|Any CPU
		{71485BD4-29EC-46DA-8449-0AF31CD46CFC}.Release|Any CPU.ActiveCfg = Release|Any CPU
		{71485BD4-29EC-46DA-8449-0AF31CD46CFC}.Release|Any CPU.Build.0 = Release|Any CPU
	EndGlobalSection
EndGlobal
